# @generated - this file is auto-generated by `mise lock` https://mise.jdx.dev/dev-tools/mise-lock.html

[[tools."github:RobotsAndPencils/xcodes"]]
version = "2.0.3"
backend = "github:RobotsAndPencils/xcodes"

[tools."github:RobotsAndPencils/xcodes".options]
asset_pattern = "xcodes.zip"

[[tools."github:cpisciotta/xcbeautify"]]
version = "3.2.1"
backend = "github:cpisciotta/xcbeautify"

[[tools."github:git-lfs/git-lfs"]]
version = "3.8.0"
backend = "github:git-lfs/git-lfs"

[[tools."github:j178/prek"]]
version = "0.5.2"
backend = "github:j178/prek"

[[tools."github:mono0926/LicensePlist"]]
version = "3.28.0"
backend = "github:mono0926/LicensePlist"

[[tools."github:peripheryapp/periphery"]]
version = "3.8.0"
backend = "github:peripheryapp/periphery"

[[tools."github:realm/SwiftLint"]]
version = "0.65.1"
backend = "github:realm/SwiftLint"

[tools."github:realm/SwiftLint".options]
asset_pattern = "portable_swiftlint.zip"

[[tools."github:rhysd/actionlint"]]
version = "1.7.12"
backend = "github:rhysd/actionlint"

[[tools."github:yonaskolb/XcodeGen"]]
version = "2.46.0"
backend = "github:yonaskolb/XcodeGen"

[[tools."npm:renovate"]]
version = "44.65.2"
backend = "npm:renovate"

[tools."npm:renovate".options]
trust_policy_excludes = '["@yarnpkg/libzip@3.2.2"]'
